
Microsoft Visual Studio Solution File, Format Version 12.00
Project("{FAE04EC0-301F-11D3-BF4B-00C04F79EFBC}") = "ToggleHub.Domain", "ToggleHub.Domain\ToggleHub.Domain.csproj", "{D599291E-89F1-417E-95CD-CB05829CD154}"
EndProject
Project("{FAE04EC0-301F-11D3-BF4B-00C04F79EFBC}") = "ToggleHub.Application", "ToggleHub.Application\ToggleHub.Application.csproj", "{568838B1-7622-4E67-8D62-B4C3AFC23084}"
EndProject
Project("{FAE04EC0-301F-11D3-BF4B-00C04F79EFBC}") = "ToggleHub.Infrastructure", "ToggleHub.Infrastructure\ToggleHub.Infrastructure.csproj", "{BDC74F32-CD6F-4737-B690-981220246C69}"
EndProject
Project("{FAE04EC0-301F-11D3-BF4B-00C04F79EFBC}") = "ToggleHub.API", "ToggleHub.API\ToggleHub.API.csproj", "{7D1C3B59-3D88-4F9A-9465-C7047EB8CC4E}"
EndProject
Project("{2150E333-8FDC-42A3-9474-1A3956D46DE8}") = "Tests", "Tests", "{B675A181-815C-459E-8680-179F6B97D414}"
EndProject
Project("{FAE04EC0-301F-11D3-BF4B-00C04F79EFBC}") = "ToggleHub.UnitTests", "ToggleHub.UnitTests\ToggleHub.UnitTests.csproj", "{D089F39C-A690-4E1C-B3F8-7C442297AF62}"
EndProject
Project("{2150E333-8FDC-42A3-9474-1A3956D46DE8}") = "src", "src", "{0090A787-F379-4392-A4A9-4269E95C1190}"
EndProject
Project("{FAE04EC0-301F-11D3-BF4B-00C04F79EFBC}") = "ToggleHub.Infrastructure.Identity", "src\ToggleHub.Infrastructure.Identity\ToggleHub.Infrastructure.Identity.csproj", "{A5288DD7-D5E9-49F8-9D11-B069FD51A9F8}"
EndProject
Global
	GlobalSection(SolutionConfigurationPlatforms) = preSolution
		Debug|Any CPU = Debug|Any CPU
		Release|Any CPU = Release|Any CPU
	EndGlobalSection
	GlobalSection(ProjectConfigurationPlatforms) = postSolution
		{D599291E-89F1-417E-95CD-CB05829CD154}.Debug|Any CPU.ActiveCfg = Debug|Any CPU
		{D599291E-89F1-417E-95CD-CB05829CD154}.Debug|Any CPU.Build.0 = Debug|Any CPU
		{D599291E-89F1-417E-95CD-CB05829CD154}.Release|Any CPU.ActiveCfg = Release|Any CPU
		{D599291E-89F1-417E-95CD-CB05829CD154}.Release|Any CPU.Build.0 = Release|Any CPU
		{568838B1-7622-4E67-8D62-B4C3AFC23084}.Debug|Any CPU.ActiveCfg = Debug|Any CPU
		{568838B1-7622-4E67-8D62-B4C3AFC23084}.Debug|Any CPU.Build.0 = Debug|Any CPU
		{568838B1-7622-4E67-8D62-B4C3AFC23084}.Release|Any CPU.ActiveCfg = Release|Any CPU
		{568838B1-7622-4E67-8D62-B4C3AFC23084}.Release|Any CPU.Build.0 = Release|Any CPU
		{BDC74F32-CD6F-4737-B690-981220246C69}.Debug|Any CPU.ActiveCfg = Debug|Any CPU
		{BDC74F32-CD6F-4737-B690-981220246C69}.Debug|Any CPU.Build.0 = Debug|Any CPU
		{BDC74F32-CD6F-4737-B690-981220246C69}.Release|Any CPU.ActiveCfg = Release|Any CPU
		{BDC74F32-CD6F-4737-B690-981220246C69}.Release|Any CPU.Build.0 = Release|Any CPU
		{7D1C3B59-3D88-4F9A-9465-C7047EB8CC4E}.Debug|Any CPU.ActiveCfg = Debug|Any CPU
		{7D1C3B59-3D88-4F9A-9465-C7047EB8CC4E}.Debug|Any CPU.Build.0 = Debug|Any CPU
		{7D1C3B59-3D88-4F9A-9465-C7047EB8CC4E}.Release|Any CPU.ActiveCfg = Release|Any CPU
		{7D1C3B59-3D88-4F9A-9465-C7047EB8CC4E}.Release|Any CPU.Build.0 = Release|Any CPU
		{D089F39C-A690-4E1C-B3F8-7C442297AF62}.Debug|Any CPU.ActiveCfg = Debug|Any CPU
		{D089F39C-A690-4E1C-B3F8-7C442297AF62}.Debug|Any CPU.Build.0 = Debug|Any CPU
		{D089F39C-A690-4E1C-B3F8-7C442297AF62}.Release|Any CPU.ActiveCfg = Release|Any CPU
		{D089F39C-A690-4E1C-B3F8-7C442297AF62}.Release|Any CPU.Build.0 = Release|Any CPU
		{A5288DD7-D5E9-49F8-9D11-B069FD51A9F8}.Debug|Any CPU.ActiveCfg = Debug|Any CPU
		{A5288DD7-D5E9-49F8-9D11-B069FD51A9F8}.Debug|Any CPU.Build.0 = Debug|Any CPU
		{A5288DD7-D5E9-49F8-9D11-B069FD51A9F8}.Release|Any CPU.ActiveCfg = Release|Any CPU
		{A5288DD7-D5E9-49F8-9D11-B069FD51A9F8}.Release|Any CPU.Build.0 = Release|Any CPU
	EndGlobalSection
	GlobalSection(NestedProjects) = preSolution
		{D089F39C-A690-4E1C-B3F8-7C442297AF62} = {B675A181-815C-459E-8680-179F6B97D414}
		{7D1C3B59-3D88-4F9A-9465-C7047EB8CC4E} = {0090A787-F379-4392-A4A9-4269E95C1190}
		{568838B1-7622-4E67-8D62-B4C3AFC23084} = {0090A787-F379-4392-A4A9-4269E95C1190}
		{D599291E-89F1-417E-95CD-CB05829CD154} = {0090A787-F379-4392-A4A9-4269E95C1190}
		{BDC74F32-CD6F-4737-B690-981220246C69} = {0090A787-F379-4392-A4A9-4269E95C1190}
		{A5288DD7-D5E9-49F8-9D11-B069FD51A9F8} = {0090A787-F379-4392-A4A9-4269E95C1190}
	EndGlobalSection
EndGlobal
