
Microsoft Visual Studio Solution File, Format Version 12.00
Project("{2150E333-8FDC-42A3-9474-1A3956D46DE8}") = "Tests", "Tests", "{B675A181-815C-459E-8680-179F6B97D414}"
EndProject
Project("{2150E333-8FDC-42A3-9474-1A3956D46DE8}") = "src", "src", "{0090A787-F379-4392-A4A9-4269E95C1190}"
EndProject
Project("{FAE04EC0-301F-11D3-BF4B-00C04F79EFBC}") = "ToggleHub.Infrastructure.Identity", "src\ToggleHub.Infrastructure.Identity\ToggleHub.Infrastructure.Identity.csproj", "{A5288DD7-D5E9-49F8-9D11-B069FD51A9F8}"
EndProject
Project("{FAE04EC0-301F-11D3-BF4B-00C04F79EFBC}") = "ToggleHub.API", "src\ToggleHub.API\ToggleHub.API.csproj", "{E6ABA771-15F8-4DC4-A270-7498957467F8}"
EndProject
Project("{FAE04EC0-301F-11D3-BF4B-00C04F79EFBC}") = "ToggleHub.Application", "src\ToggleHub.Application\ToggleHub.Application.csproj", "{DAED79C3-A4FF-47C5-8DB9-4AE0417D0845}"
EndProject
Project("{FAE04EC0-301F-11D3-BF4B-00C04F79EFBC}") = "ToggleHub.Domain", "src\ToggleHub.Domain\ToggleHub.Domain.csproj", "{B331D7EB-E0C2-455B-B5A6-410104D9ECFC}"
EndProject
Project("{FAE04EC0-301F-11D3-BF4B-00C04F79EFBC}") = "ToggleHub.Infrastructure", "src\ToggleHub.Infrastructure\ToggleHub.Infrastructure.csproj", "{9A40E7A3-234F-454D-962D-EC2CBC2C620D}"
EndProject
Project("{FAE04EC0-301F-11D3-BF4B-00C04F79EFBC}") = "ToggleHub.Application.UnitTests", "Tests\ToggleHub.Application.UnitTests\ToggleHub.Application.UnitTests.csproj", "{6FB8ADEB-8BAD-4A97-A9FD-B803F44C66BC}"
EndProject
Global
	GlobalSection(SolutionConfigurationPlatforms) = preSolution
		Debug|Any CPU = Debug|Any CPU
		Release|Any CPU = Release|Any CPU
	EndGlobalSection
	GlobalSection(ProjectConfigurationPlatforms) = postSolution
		{A5288DD7-D5E9-49F8-9D11-B069FD51A9F8}.Debug|Any CPU.ActiveCfg = Debug|Any CPU
		{A5288DD7-D5E9-49F8-9D11-B069FD51A9F8}.Debug|Any CPU.Build.0 = Debug|Any CPU
		{A5288DD7-D5E9-49F8-9D11-B069FD51A9F8}.Release|Any CPU.ActiveCfg = Release|Any CPU
		{A5288DD7-D5E9-49F8-9D11-B069FD51A9F8}.Release|Any CPU.Build.0 = Release|Any CPU
		{E6ABA771-15F8-4DC4-A270-7498957467F8}.Debug|Any CPU.ActiveCfg = Debug|Any CPU
		{E6ABA771-15F8-4DC4-A270-7498957467F8}.Debug|Any CPU.Build.0 = Debug|Any CPU
		{E6ABA771-15F8-4DC4-A270-7498957467F8}.Release|Any CPU.ActiveCfg = Release|Any CPU
		{E6ABA771-15F8-4DC4-A270-7498957467F8}.Release|Any CPU.Build.0 = Release|Any CPU
		{DAED79C3-A4FF-47C5-8DB9-4AE0417D0845}.Debug|Any CPU.ActiveCfg = Debug|Any CPU
		{DAED79C3-A4FF-47C5-8DB9-4AE0417D0845}.Debug|Any CPU.Build.0 = Debug|Any CPU
		{DAED79C3-A4FF-47C5-8DB9-4AE0417D0845}.Release|Any CPU.ActiveCfg = Release|Any CPU
		{DAED79C3-A4FF-47C5-8DB9-4AE0417D0845}.Release|Any CPU.Build.0 = Release|Any CPU
		{B331D7EB-E0C2-455B-B5A6-410104D9ECFC}.Debug|Any CPU.ActiveCfg = Debug|Any CPU
		{B331D7EB-E0C2-455B-B5A6-410104D9ECFC}.Debug|Any CPU.Build.0 = Debug|Any CPU
		{B331D7EB-E0C2-455B-B5A6-410104D9ECFC}.Release|Any CPU.ActiveCfg = Release|Any CPU
		{B331D7EB-E0C2-455B-B5A6-410104D9ECFC}.Release|Any CPU.Build.0 = Release|Any CPU
		{9A40E7A3-234F-454D-962D-EC2CBC2C620D}.Debug|Any CPU.ActiveCfg = Debug|Any CPU
		{9A40E7A3-234F-454D-962D-EC2CBC2C620D}.Debug|Any CPU.Build.0 = Debug|Any CPU
		{9A40E7A3-234F-454D-962D-EC2CBC2C620D}.Release|Any CPU.ActiveCfg = Release|Any CPU
		{9A40E7A3-234F-454D-962D-EC2CBC2C620D}.Release|Any CPU.Build.0 = Release|Any CPU
		{6FB8ADEB-8BAD-4A97-A9FD-B803F44C66BC}.Debug|Any CPU.ActiveCfg = Debug|Any CPU
		{6FB8ADEB-8BAD-4A97-A9FD-B803F44C66BC}.Debug|Any CPU.Build.0 = Debug|Any CPU
		{6FB8ADEB-8BAD-4A97-A9FD-B803F44C66BC}.Release|Any CPU.ActiveCfg = Release|Any CPU
		{6FB8ADEB-8BAD-4A97-A9FD-B803F44C66BC}.Release|Any CPU.Build.0 = Release|Any CPU
	EndGlobalSection
	GlobalSection(NestedProjects) = preSolution
		{A5288DD7-D5E9-49F8-9D11-B069FD51A9F8} = {0090A787-F379-4392-A4A9-4269E95C1190}
		{E6ABA771-15F8-4DC4-A270-7498957467F8} = {0090A787-F379-4392-A4A9-4269E95C1190}
		{DAED79C3-A4FF-47C5-8DB9-4AE0417D0845} = {0090A787-F379-4392-A4A9-4269E95C1190}
		{B331D7EB-E0C2-455B-B5A6-410104D9ECFC} = {0090A787-F379-4392-A4A9-4269E95C1190}
		{9A40E7A3-234F-454D-962D-EC2CBC2C620D} = {0090A787-F379-4392-A4A9-4269E95C1190}
		{6FB8ADEB-8BAD-4A97-A9FD-B803F44C66BC} = {B675A181-815C-459E-8680-179F6B97D414}
	EndGlobalSection
EndGlobal
